github.com/denisenkom/go-mssqldb v0.0.0-20191124224453-732737034ffd h1:83Wprp6ROGeiHFAP8WJdI2RoxALQYgdllERc3N5N2DM=
github.com/denisenkom/go-mssqldb v0.0.0-20191124224453-732737034ffd/go.mod h1:xbL0rPBG9cCiLr28tMa8zpbdarY27NDyej4t/EjAShU=
github.com/erikstmartin/go-testdb v0.0.0-20160219214506-8d10e4a1bae5 h1:Yzb9+7DPaBjB8zlTR87/ElzFsnQfuHnVUVqpZZIcV5Y=
github.com/erikstmartin/go-testdb v0.0.0-20160219214506-8d10e4a1bae5/go.mod h1:a2zkGnVExMxdzMo3M0Hi/3sEU+cWnZpSni0O6/Yb/P0=
github.com/go-sql-driver/mysql v1.4.1/go.mod h1:zAC/RDZ24gD3HViQzih4MyKcchzm+sOG5ZlKdlhCg5w=
github.com/go-sql-driver/mysql v1.5.0 h1:ozyZYNQW3x3HtqT1jira07DN2PArx2v7/mN66gGcHOs=
github.com/go-sql-driver/mysql v1.5.0/go.mod h1:DCzpHaOWr8IXmIStZouvnhqoel9Qv2LBy8hT2VhHyBg=
github.com/golang-sql/civil v0.0.0-20190719163853-cb61b32ac6fe h1:lXe2qZdvpiX5WZkZR4hgp4KJVfY3nMkvmwbVkpv1rVY=
github.com/golang-sql/civil v0.0.0-20190719163853-cb61b32ac6fe/go.mod h1:8vg3r2VgvsThLBIFL93Qb5yWzgyZWhEmBwUJWevAkK0=
github.com/golang/protobuf v1.2.0/go.mod h1:6lQm79b+lXiMfvg/cZm0SGofjICqVBUtrP5yJMmIC1U=
github.com/jinzhu/gorm v1.9.12 h1:Drgk1clyWT9t9ERbzHza6Mj/8FY/CqMyVzOiHviMo6Q=
github.com/jinzhu/gorm v1.9.12/go.mod h1:vhTjlKSJUTWNtcbQtrMBFCxy7eXTzeCAzfL5fBZT/Qs=
github.com/jinzhu/inflection v1.0.0 h1:K317FqzuhWc8YvSVlFMCCUb36O/S9MCKRDI7QkRKD/E=
github.com/jinzhu/inflection v1.0.0/go.mod h1:h+uFLlag+Qp1Va5pdKtLDYj+kHp5pxUVkryuEj+Srlc=
github.com/jinzhu/now v1.0.1 h1:HjfetcXq097iXP0uoPCdnM4Efp5/9MsM0/M+XOTeR3M=
github.com/jinzhu/now v1.0.1/go.mod h1:d3SSVoowX0Lcu0IBviAWJpolVfI5UJVZZ7cO71lE/z8=
github.com/joho/godotenv v1.3.0 h1:Zjp+RcGpHhGlrMbJzXTrZZPrWj+1vfm90La1wgB6Bhc=
github.com/joho/godotenv v1.3.0/go.mod h1:7hK45KPybAkOC6peb+G5yklZfMxEjkZhHbwpqxOKXbg=
github.com/klauspost/compress v1.8.2 h1:Bx0qjetmNjdFXASH02NSAREKpiaDwkO1DRZ3dV2KCcs=
github.com/klauspost/compress v1.8.2/go.mod h1:RyIbtBH6LamlWaDj8nUwkbUhJ87Yi3uG0guNDohfE1A=
github.com/klauspost/cpuid v1.2.1 h1:vJi+O/nMdFt0vqm8NZBI6wzALWdA2X+egi0ogNyrC/w=
github.com/klauspost/cpuid v1.2.1/go.mod h1:Pj4uuM528wm8OyEC2QMXAi2YiTZ96dNQPGgoMS4s3ek=
github.com/lib/pq v1.1.1 h1:sJZmqHoEaY7f+NPP8pgLB/WxulyR3fewgCM2qaSlBb4=
github.com/lib/pq v1.1.1/go.mod h1:5WUZQaWbwv1U+lTReE5YruASi9Al49XbQIvNi/34Woo=
github.com/mattn/go-sqlite3 v2.0.1+incompatible h1:xQ15muvnzGBHpIpdrNi1DA5x0+TcBZzsIDwmw9uTHzw=
github.com/mattn/go-sqlite3 v2.0.1+incompatible/go.mod h1:FPy6KqzDD04eiIsT53CuJW3U88zkxoIYsOqkbpncsNc=
github.com/tjfoc/gmsm v1.3.0 h1:i7c6Za/IlgBvnGxYpfD7L3TGuaS+v6oGcgq+J9/ecEA=
github.com/tjfoc/gmsm v1.3.0/go.mod h1:HaUcFuY0auTiaHB9MHFGCPx5IaLhTUd2atbCFBQXn9w=
github.com/valyala/bytebufferpool v1.0.0 h1:GqA5TC/0021Y/b9FG4Oi9Mr3q7XYx6KllzawFIhcdPw=
github.com/valyala/bytebufferpool v1.0.0/go.mod h1:6bBcMArwyJ5K/AmCkWv1jt77kVWyCJ6HpOuEn7z0Csc=
github.com/valyala/fasthttp v1.9.0 h1:hNpmUdy/+ZXYpGy0OBfm7K0UQTzb73W0T0U4iJIVrMw=
github.com/valyala/fasthttp v1.9.0/go.mod h1:FstJa9V+Pj9vQ7OJie2qMHdwemEDaDiSdBnvPM1Su9w=
github.com/valyala/tcplisten v0.0.0-20161114210144-ceec8f93295a/go.mod h1:v3UYOV9WzVtRmSR+PDvWpU/qWl4Wa5LApYYX4ZtKbio=
golang.org/x/crypto v0.0.0-20190308221718-c2843e01d9a2/go.mod h1:djNgcEr1/C05ACkg1iLfiJU5Ep61QUkGW8qpdssI0+w=
golang.org/x/crypto v0.0.0-20190325154230-a5d413f7728c/go.mod h1:djNgcEr1/C05ACkg1iLfiJU5Ep61QUkGW8qpdssI0+w=
golang.org/x/crypto v0.0.0-20191205180655-e7c4368fe9dd/go.mod h1:LzIPMQfyMNhhGPhUkYOs5KpL4U8rLKemX1yGLhDgUto=
golang.org/x/crypto v0.0.0-20191219195013-becbf705a915 h1:aJ0ex187qoXrJHPo8ZasVTASQB7llQP6YeNzgDALPRk=
golang.org/x/crypto v0.0.0-20191219195013-becbf705a915/go.mod h1:LzIPMQfyMNhhGPhUkYOs5KpL4U8rLKemX1yGLhDgUto=
golang.org/x/crypto v0.0.0-20200323165209-0ec3e9974c59 h1:3zb4D3T4G8jdExgVU/95+vQXfpEPiMdCaZgmGVxjNHM=
golang.org/x/crypto v0.0.0-20200323165209-0ec3e9974c59/go.mod h1:LzIPMQfyMNhhGPhUkYOs5KpL4U8rLKemX1yGLhDgUto=
golang.org/x/crypto v0.0.0-20200403201458-baeed622b8d8 h1:fpnn/HnJONpIu6hkXi1u/7rR0NzilgWr4T0JmWkEitk=
golang.org/x/crypto v0.0.0-20200403201458-baeed622b8d8/go.mod h1:LzIPMQfyMNhhGPhUkYOs5KpL4U8rLKemX1yGLhDgUto=
golang.org/x/exp v0.0.0-20200331195152-e8c3332aa8e5 h1:FR+oGxGfbQu1d+jglI3rCkjAjUnhRSZcUxr+DqlDLNo=
golang.org/x/exp/errors v0.0.0-20200331195152-e8c3332aa8e5 h1:iCW0PrpQtRZB6bBC+ALGliDUOO6R4ULw2gEhdHtYHbI=
golang.org/x/exp/errors v0.0.0-20200331195152-e8c3332aa8e5/go.mod h1:YgqsNsAu4fTvlab/7uiYK9LJrCIzKg/NiZUIH1/ayqo=
golang.org/x/net v0.0.0-20180724234803-3673e40ba225/go.mod h1:mL1N/T3taQHkDXs73rZJwtUhF3w3ftmwwsq0BUmARs4=
golang.org/x/net v0.0.0-20190404232315-eb5bcb51f2a3/go.mod h1:t9HGtf8HONx5eT2rtn7q6eTqICYqUVnKs3thJo3Qplg=
golang.org/x/net v0.0.0-20190827160401-ba9fcec4b297/go.mod h1:z5CRVTTTmAJ677TzLLGU+0bjPO0LkuOLi4/5GtJWs/s=
golang.org/x/sys v0.0.0-20190215142949-d0b11bdaac8a/go.mod h1:STP8DvDyc/dI5b8T5hshtkjS+E42TnysNCUPdjciGhY=
golang.org/x/sys v0.0.0-20190412213103-97732733099d h1:+R4KGOnez64A81RvjARKc4UT5/tI9ujCIVX+P5KiHuI=
golang.org/x/sys v0.0.0-20190412213103-97732733099d/go.mod h1:h1NjWce9XRLGQEsW7wpKNCjG9DtNlClVuFLEZdDNbEs=
golang.org/x/sys v0.0.0-20200327173247-9dae0f8f5775 h1:TC0v2RSO1u2kn1ZugjrFXkRZAEaqMN/RW+OTZkBzmLE=
golang.org/x/sys v0.0.0-20200327173247-9dae0f8f5775/go.mod h1:h1NjWce9XRLGQEsW7wpKNCjG9DtNlClVuFLEZdDNbEs=
golang.org/x/sys v0.0.0-20200331124033-c3d80250170d h1:nc5K6ox/4lTFbMVSL9WRR81ixkcwXThoiF6yf+R9scA=
golang.org/x/sys v0.0.0-20200331124033-c3d80250170d/go.mod h1:h1NjWce9XRLGQEsW7wpKNCjG9DtNlClVuFLEZdDNbEs=
golang.org/x/text v0.3.0/go.mod h1:NqM8EUOU14njkJ3fqMW+pc6Ldnwhi/IjpwHt7yyuwOQ=
google.golang.org/appengine v1.4.0/go.mod h1:xpcJRLb0r/rnEns0DIKYYv+WjYCduHsrkT7/EB5XEv4=
